
Microsoft Visual Studio Solution File, Format Version 12.00
# Visual Studio Version 17
VisualStudioVersion = 17.0.31903.59
MinimumVisualStudioVersion = 10.0.40219.1
Project("{9A19103F-16F7-4668-BE54-9A1E7A4F7556}") = "csharp-strings-workshop.Main", "csharp-strings-workshop.Main\csharp-strings-workshop.Main.csproj", "{B6623D59-EC2E-4653-809D-15F393A795EB}"
EndProject
Project("{FAE04EC0-301F-11D3-BF4B-00C04F79EFBC}") = "csharp-strings-workshop.Tests", "csharp-strings-workshop.Tests\csharp-strings-workshop.Tests.csproj", "{A0D1BCF0-0BC6-4749-BA58-199D79320FFD}"
EndProject
Global
	GlobalSection(SolutionConfigurationPlatforms) = preSolution
		Debug|Any CPU = Debug|Any CPU
		Release|Any CPU = Release|Any CPU
	EndGlobalSection
	GlobalSection(ProjectConfigurationPlatforms) = postSolution
		{B6623D59-EC2E-4653-809D-15F393A795EB}.Debug|Any CPU.ActiveCfg = Debug|Any CPU
		{B6623D59-EC2E-4653-809D-15F393A795EB}.Debug|Any CPU.Build.0 = Debug|Any CPU
		{B6623D59-EC2E-4653-809D-15F393A795EB}.Release|Any CPU.ActiveCfg = Release|Any CPU
		{B6623D59-EC2E-4653-809D-15F393A795EB}.Release|Any CPU.Build.0 = Release|Any CPU
		{A0D1BCF0-0BC6-4749-BA58-199D79320FFD}.Debug|Any CPU.ActiveCfg = Debug|Any CPU
		{A0D1BCF0-0BC6-4749-BA58-199D79320FFD}.Debug|Any CPU.Build.0 = Debug|Any CPU
		{A0D1BCF0-0BC6-4749-BA58-199D79320FFD}.Release|Any CPU.ActiveCfg = Release|Any CPU
		{A0D1BCF0-0BC6-4749-BA58-199D79320FFD}.Release|Any CPU.Build.0 = Release|Any CPU
	EndGlobalSection
	GlobalSection(SolutionProperties) = preSolution
		HideSolutionNode = FALSE
	EndGlobalSection
EndGlobal
